{
  "name": "safe_log",
  "version": "1.0.0",
  "lockfileVersion": 1,
  "requires": true,
  "dependencies": {
    "@citizenfx/client": {
      "version": "2.0.5181-1",
      "resolved": "https://registry.npmjs.org/@citizenfx/client/-/client-2.0.5181-1.tgz",
      "integrity": "sha512-B1Ri+eXkSuzeABVPxPmQGuc7WniohgfG7LWM7BQIvb2zEQuE/6N9Hef0o7EuBu2GJl7dCutzjn3d66RaHhVxyA=="
    },
    "@citizenfx/server": {
      "version": "2.0.5181-1",
      "resolved": "https://registry.npmjs.org/@citizenfx/server/-/server-2.0.5181-1.tgz",
      "integrity": "sha512-G0JH6htFHc3hXNcpmWRNay+ee859qZh5LTyCssN8tExCeZvVctoE41MXSJ8EHCTu6v9HC61lFW3qI6mjS9J1nw=="
    },
    "ws": {
      "version": "8.4.0",
      "resolved": "https://registry.npmjs.org/ws/-/ws-8.4.0.tgz",
      "integrity": "sha512-IHVsKe2pjajSUIl4KYMQOdlyliovpEPquKkqbwswulszzI7r0SfQrxnXdWAEqOlDCLrVSJzo+O1hAwdog2sKSQ=="
    }
  }
}
